
Microsoft Visual Studio Solution File, Format Version 12.00
# Visual Studio Version 16
VisualStudioVersion = 16.0.30011.22
MinimumVisualStudioVersion = 10.0.40219.1
Project("{FAE04EC0-301F-11D3-BF4B-00C04F79EFBC}") = "Vrc_FlyMod", "Vrc_FlyMod\Vrc_FlyMod.csproj", "{65224598-B429-4092-9913-98E70BE1C32D}"
EndProject
Global
	GlobalSection(SolutionConfigurationPlatforms) = preSolution
		Debug|Any CPU = Debug|Any CPU
		Release|Any CPU = Release|Any CPU
	EndGlobalSection
	GlobalSection(ProjectConfigurationPlatforms) = postSolution
		{65224598-B429-4092-9913-98E70BE1C32D}.Debug|Any CPU.ActiveCfg = Debug|Any CPU
		{65224598-B429-4092-9913-98E70BE1C32D}.Debug|Any CPU.Build.0 = Debug|Any CPU
		{65224598-B429-4092-9913-98E70BE1C32D}.Release|Any CPU.ActiveCfg = Release|Any CPU
		{65224598-B429-4092-9913-98E70BE1C32D}.Release|Any CPU.Build.0 = Release|Any CPU
	EndGlobalSection
	GlobalSection(SolutionProperties) = preSolution
		HideSolutionNode = FALSE
	EndGlobalSection
	GlobalSection(ExtensibilityGlobals) = postSolution
		SolutionGuid = {189EB177-61FD-4131-916E-19B97FB58805}
	EndGlobalSection
EndGlobal
